{
	"name": "milvus-docs",
	"version": "1.0.0",
	"lockfileVersion": 3,
	"requires": true,
	"packages": {
		"": {
			"name": "milvus-docs",
			"version": "1.0.0",
			"license": "Apache-2.0",
			"devDependencies": {
				"remarkable": "^2.0.1"
			}
		},
		"node_modules/argparse": {
			"version": "1.0.10",
			"resolved": "https://registry.npmjs.org/argparse/-/argparse-1.0.10.tgz",
			"integrity": "sha512-o5Roy6tNG4SL/FOkCAN6RzjiakZS25RLYFrcMttJqbdd8BWrnA+fGz57iN5Pb06pvBGvl5gQ0B48dJlslXvoTg==",
			"dev": true,
			"dependencies": {
				"sprintf-js": "~1.0.2"
			}
		},
		"node_modules/autolinker": {
			"version": "3.16.2",
			"resolved": "https://registry.npmjs.org/autolinker/-/autolinker-3.16.2.tgz",
			"integrity": "sha512-JiYl7j2Z19F9NdTmirENSUUIIL/9MytEWtmzhfmsKPCp9E+G35Y0UNCMoM9tFigxT59qSc8Ml2dlZXOCVTYwuA==",
			"dev": true,
			"dependencies": {
				"tslib": "^2.3.0"
			}
		},
		"node_modules/remarkable": {
			"version": "2.0.1",
			"resolved": "https://registry.npmjs.org/remarkable/-/remarkable-2.0.1.tgz",
			"integrity": "sha512-YJyMcOH5lrR+kZdmB0aJJ4+93bEojRZ1HGDn9Eagu6ibg7aVZhc3OWbbShRid+Q5eAfsEqWxpe+g5W5nYNfNiA==",
			"dev": true,
			"dependencies": {
				"argparse": "^1.0.10",
				"autolinker": "^3.11.0"
			},
			"bin": {
				"remarkable": "bin/remarkable.js"
			},
			"engines": {
				"node": ">= 6.0.0"
			}
		},
		"node_modules/sprintf-js": {
			"version": "1.0.3",
			"resolved": "https://registry.npmjs.org/sprintf-js/-/sprintf-js-1.0.3.tgz",
			"integrity": "sha512-D9cPgkvLlV3t3IzL0D0YLvGA9Ahk4PcvVwUbN0dSGr1aP0Nrt4AEnTUbuGvquEC0mA64Gqt1fzirlRs5ibXx8g==",
			"dev": true
		},
		"node_modules/tslib": {
			"version": "2.6.3",
			"resolved": "https://registry.npmjs.org/tslib/-/tslib-2.6.3.tgz",
			"integrity": "sha512-xNvxJEOUiWPGhUuUdQgAJPKOOJfGnIyKySOc09XkKsgdUV/3E2zvwZYdejjmRgPCgcym1juLH3226yA7sEFJKQ==",
			"dev": true
		}
	}
}
