# THIS IS AN AUTOGENERATED FILE. DO NOT EDIT THIS FILE DIRECTLY.
# yarn lockfile v1


asynckit@^0.4.0:
  version "0.4.0"
  resolved "https://registry.yarnpkg.com/asynckit/-/asynckit-0.4.0.tgz#c79ed97f7f34cb8f2ba1bc9790bcc366474b4b79"
  integrity sha512-Oei9OH4tRh0YqU3GxhX79dM/mwVgvbZJaSNaRk+bshkj0S5cfHcgYakreBjrHwatXKbz+IoIdYLxrKim2MjW0Q==

axios@^1.6.0:
  version "1.6.0"
  resolved "https://registry.yarnpkg.com/axios/-/axios-1.6.0.tgz#f1e5292f26b2fd5c2e66876adc5b06cdbd7d2102"
  integrity sha512-EZ1DYihju9pwVB+jg67ogm+Tmqc6JmhamRN6I4Zt8DfZu5lbcQGw3ozH9lFejSJgs/ibaef3A9PMXPLeefFGJg==
  dependencies:
    follow-redirects "^1.15.0"
    form-data "^4.0.0"
    proxy-from-env "^1.1.0"

boolbase@^1.0.0:
  version "1.0.0"
  resolved "https://registry.yarnpkg.com/boolbase/-/boolbase-1.0.0.tgz#68dff5fbe60c51eb37725ea9e3ed310dcc1e776e"
  integrity sha1-aN/1++YMUes3cl6p4+0xDcwed24=

combined-stream@^1.0.8:
  version "1.0.8"
  resolved "https://registry.yarnpkg.com/combined-stream/-/combined-stream-1.0.8.tgz#c3d45a8b34fd730631a110a8a2520682b31d5a7f"
  integrity sha512-FQN4MRfuJeHf7cBbBMJFXhKSDq+2kAArBlmRBvcvFE5BB1HZKXtSFASDhdlz9zOYwxh8lDdnvmMOe/+5cdoEdg==
  dependencies:
    delayed-stream "~1.0.0"

css-select@^4.1.3:
  version "4.2.1"
  resolved "https://registry.yarnpkg.com/css-select/-/css-select-4.2.1.tgz#9e665d6ae4c7f9d65dbe69d0316e3221fb274cdd"
  integrity sha512-/aUslKhzkTNCQUB2qTX84lVmfia9NyjP3WpDGtj/WxhwBzWBYUV3DgUpurHTme8UTPcPlAD1DJ+b0nN/t50zDQ==
  dependencies:
    boolbase "^1.0.0"
    css-what "^5.1.0"
    domhandler "^4.3.0"
    domutils "^2.8.0"
    nth-check "^2.0.1"

css-what@^5.1.0:
  version "5.1.0"
  resolved "https://registry.yarnpkg.com/css-what/-/css-what-5.1.0.tgz#3f7b707aadf633baf62c2ceb8579b545bb40f7fe"
  integrity sha512-arSMRWIIFY0hV8pIxZMEfmMI47Wj3R/aWpZDDxWYCPEiOMv6tfOrnpDtgxBYPEQD4V0Y/958+1TdC3iWTFcUPw==

delayed-stream@~1.0.0:
  version "1.0.0"
  resolved "https://registry.yarnpkg.com/delayed-stream/-/delayed-stream-1.0.0.tgz#df3ae199acadfb7d440aaae0b29e2272b24ec619"
  integrity sha512-ZySD7Nf91aLB0RxL4KGrKHBXl7Eds1DAmEdcoVawXnLD7SDhpNgtuII2aAkg7a7QS41jxPSZ17p4VdGnMHk3MQ==

dom-serializer@0:
  version "0.2.2"
  resolved "https://registry.nlark.com/dom-serializer/download/dom-serializer-0.2.2.tgz?cache=0&sync_timestamp=1621256918158&other_urls=https%3A%2F%2Fregistry.nlark.com%2Fdom-serializer%2Fdownload%2Fdom-serializer-0.2.2.tgz#1afb81f533717175d478655debc5e332d9f9bb51"
  integrity sha1-GvuB9TNxcXXUeGVd68XjMtn5u1E=
  dependencies:
    domelementtype "^2.0.1"
    entities "^2.0.0"

dom-serializer@^1.0.1:
  version "1.3.2"
  resolved "https://registry.yarnpkg.com/dom-serializer/-/dom-serializer-1.3.2.tgz#6206437d32ceefaec7161803230c7a20bc1b4d91"
  integrity sha512-5c54Bk5Dw4qAxNOI1pFEizPSjVsx5+bpJKmL2kPn8JhBUq2q09tTCa3mjijun2NfK78NMouDYNMBkOrPZiS+ig==
  dependencies:
    domelementtype "^2.0.1"
    domhandler "^4.2.0"
    entities "^2.0.0"

domelementtype@1, domelementtype@^1.3.1:
  version "1.3.1"
  resolved "https://registry.nlark.com/domelementtype/download/domelementtype-1.3.1.tgz#d048c44b37b0d10a7f2a3d5fee3f4333d790481f"
  integrity sha1-0EjESzew0Qp/Kj1f7j9DM9eQSB8=

domelementtype@^2.0.1, domelementtype@^2.2.0:
  version "2.2.0"
  resolved "https://registry.nlark.com/domelementtype/download/domelementtype-2.2.0.tgz#9a0b6c2782ed6a1c7323d42267183df9bd8b1d57"
  integrity sha1-mgtsJ4LtahxzI9QiZxg9+b2LHVc=

domhandler@^2.3.0:
  version "2.4.2"
  resolved "https://registry.npmmirror.com/domhandler/download/domhandler-2.4.2.tgz#8805097e933d65e85546f726d60f5eb88b44f803"
  integrity sha1-iAUJfpM9ZehVRvcm1g9euItE+AM=
  dependencies:
    domelementtype "1"

domhandler@^4.2.0, domhandler@^4.3.0:
  version "4.3.0"
  resolved "https://registry.yarnpkg.com/domhandler/-/domhandler-4.3.0.tgz#16c658c626cf966967e306f966b431f77d4a5626"
  integrity sha512-fC0aXNQXqKSFTr2wDNZDhsEYjCiYsDWl3D01kwt25hm1YIPyDGHvvi3rw+PLqHAl/m71MaiF7d5zvBr0p5UB2g==
  dependencies:
    domelementtype "^2.2.0"

domutils@^1.5.1:
  version "1.7.0"
  resolved "https://registry.nlark.com/domutils/download/domutils-1.7.0.tgz#56ea341e834e06e6748af7a1cb25da67ea9f8c2a"
  integrity sha1-Vuo0HoNOBuZ0ivehyyXaZ+qfjCo=
  dependencies:
    dom-serializer "0"
    domelementtype "1"

domutils@^2.8.0:
  version "2.8.0"
  resolved "https://registry.yarnpkg.com/domutils/-/domutils-2.8.0.tgz#4437def5db6e2d1f5d6ee859bd95ca7d02048135"
  integrity sha512-w96Cjofp72M5IIhpjgobBimYEfoPjx1Vx0BSX9P30WBdZW2WIKU0T1Bd0kz2eNZ9ikjKgHbEyKx8BB6H1L3h3A==
  dependencies:
    dom-serializer "^1.0.1"
    domelementtype "^2.2.0"
    domhandler "^4.2.0"

entities@^1.1.1:
  version "1.1.2"
  resolved "https://registry.nlark.com/entities/download/entities-1.1.2.tgz?cache=0&sync_timestamp=1628508126700&other_urls=https%3A%2F%2Fregistry.nlark.com%2Fentities%2Fdownload%2Fentities-1.1.2.tgz#bdfa735299664dfafd34529ed4f8522a275fea56"
  integrity sha1-vfpzUplmTfr9NFKe1PhSKidf6lY=

entities@^2.0.0:
  version "2.2.0"
  resolved "https://registry.nlark.com/entities/download/entities-2.2.0.tgz?cache=0&sync_timestamp=1628508126700&other_urls=https%3A%2F%2Fregistry.nlark.com%2Fentities%2Fdownload%2Fentities-2.2.0.tgz#098dc90ebb83d8dffa089d55256b351d34c4da55"
  integrity sha1-CY3JDruD2N/6CJ1VJWs1HTTE2lU=

follow-redirects@^1.15.0:
  version "1.15.3"
  resolved "https://registry.yarnpkg.com/follow-redirects/-/follow-redirects-1.15.3.tgz#fe2f3ef2690afce7e82ed0b44db08165b207123a"
  integrity sha512-1VzOtuEM8pC9SFU1E+8KfTjZyMztRsgEfwQl44z8A25uy13jSzTj6dyK2Df52iV0vgHCfBwLhDWevLn95w5v6Q==

form-data@^4.0.0:
  version "4.0.0"
  resolved "https://registry.yarnpkg.com/form-data/-/form-data-4.0.0.tgz#93919daeaf361ee529584b9b31664dc12c9fa452"
  integrity sha512-ETEklSGi5t0QMZuiXoA/Q6vcnxcLQP5vdugSpuAyi6SVGi2clPPp+xgEhuMaHC+zGgn31Kd235W35f7Hykkaww==
  dependencies:
    asynckit "^0.4.0"
    combined-stream "^1.0.8"
    mime-types "^2.1.12"

fs@^0.0.1-security:
  version "0.0.1-security"
  resolved "https://registry.yarnpkg.com/fs/-/fs-0.0.1-security.tgz#8a7bd37186b6dddf3813f23858b57ecaaf5e41d4"
  integrity sha1-invTcYa23d84E/I4WLV+yq9eQdQ=

he@1.2.0, he@^1.0.0:
  version "1.2.0"
  resolved "https://registry.nlark.com/he/download/he-1.2.0.tgz#84ae65fa7eafb165fddb61566ae14baf05664f0f"
  integrity sha1-hK5l+n6vsWX922FWauFLrwVmTw8=

html-to-text@^3.2.0:
  version "3.3.0"
  resolved "https://registry.npmmirror.com/html-to-text/download/html-to-text-3.3.0.tgz#6a9b63c699b885bb7ba84b1446bfe6876bbfcfb7"
  integrity sha1-aptjxpm4hbt7qEsURr/mh2u/z7c=
  dependencies:
    he "^1.0.0"
    htmlparser2 "^3.9.2"
    optimist "^0.6.1"
    underscore "^1.8.3"
    underscore.string "^3.2.3"

html-word-count@^2.0.0:
  version "2.0.0"
  resolved "https://registry.npmmirror.com/html-word-count/download/html-word-count-2.0.0.tgz#b826415c32fb05da364c7f8b425a54a327858a85"
  integrity sha1-uCZBXDL7Bdo2TH+LQlpUoyeFioU=
  dependencies:
    html-to-text "^3.2.0"
    wordcount "^1.1.1"

htmlparser2@^3.9.2:
  version "3.10.1"
  resolved "https://registry.npmmirror.com/htmlparser2/download/htmlparser2-3.10.1.tgz?cache=0&sync_timestamp=1636640841489&other_urls=https%3A%2F%2Fregistry.npmmirror.com%2Fhtmlparser2%2Fdownload%2Fhtmlparser2-3.10.1.tgz#bd679dc3f59897b6a34bb10749c855bb53a9392f"
  integrity sha1-vWedw/WYl7ajS7EHSchVu1OpOS8=
  dependencies:
    domelementtype "^1.3.1"
    domhandler "^2.3.0"
    domutils "^1.5.1"
    entities "^1.1.1"
    inherits "^2.0.1"
    readable-stream "^3.1.1"

inherits@2.0.3:
  version "2.0.3"
  resolved "https://registry.yarnpkg.com/inherits/-/inherits-2.0.3.tgz#633c2c83e3da42a502f52466022480f4208261de"
  integrity sha1-Yzwsg+PaQqUC9SRmAiSA9CCCYd4=

inherits@^2.0.1, inherits@^2.0.3:
  version "2.0.4"
  resolved "https://registry.npm.taobao.org/inherits/download/inherits-2.0.4.tgz#0fa2c64f932917c3433a0ded55363aae37416b7c"
  integrity sha1-D6LGT5MpF8NDOg3tVTY6rjdBa3w=

match-words@^0.1.0:
  version "0.1.1"
  resolved "https://registry.nlark.com/match-words/download/match-words-0.1.1.tgz#dcd3119e74a6a67be4304ca5cf926580e8e1a7af"
  integrity sha1-3NMRnnSmpnvkMEylz5JlgOjhp68=
  dependencies:
    word-regex "^0.1.0"

mime-db@1.52.0:
  version "1.52.0"
  resolved "https://registry.yarnpkg.com/mime-db/-/mime-db-1.52.0.tgz#bbabcdc02859f4987301c856e3387ce5ec43bf70"
  integrity sha512-sPU4uV7dYlvtWJxwwxHD0PuihVNiE7TyAbQ5SWxDCB9mUYvOgroQOwYQQOKPJ8CIbE+1ETVlOoK1UC2nU3gYvg==

mime-types@^2.1.12:
  version "2.1.35"
  resolved "https://registry.yarnpkg.com/mime-types/-/mime-types-2.1.35.tgz#381a871b62a734450660ae3deee44813f70d959a"
  integrity sha512-ZDY+bPm5zTTF+YpCrAU9nK0UgICYPT0QtT1NZWFv4s++TNkcgVaT0g6+4R2uI4MjQjzysHB1zxuWL50hzaeXiw==
  dependencies:
    mime-db "1.52.0"

minimist@~0.0.1:
  version "0.0.10"
  resolved "https://registry.npm.taobao.org/minimist/download/minimist-0.0.10.tgz#de3f98543dbf96082be48ad1a0c7cda836301dcf"
  integrity sha1-3j+YVD2/lggr5IrRoMfNqDYwHc8=

node-html-parser@^5.2.0:
  version "5.2.0"
  resolved "https://registry.yarnpkg.com/node-html-parser/-/node-html-parser-5.2.0.tgz#6f29fd00d79f65334e7e20200964644207925607"
  integrity sha512-fmiwLfQu+J2A0zjwSEkztSHexAf5qq/WoiL/Hgo1K7JpfEP+OGWY5maG0kGaM+IFVdixF/1QbyXaQ3h4cGfeLw==
  dependencies:
    css-select "^4.1.3"
    he "1.2.0"

nth-check@^2.0.1:
  version "2.0.1"
  resolved "https://registry.yarnpkg.com/nth-check/-/nth-check-2.0.1.tgz#2efe162f5c3da06a28959fbd3db75dbeea9f0fc2"
  integrity sha512-it1vE95zF6dTT9lBsYbxvqh0Soy4SPowchj0UBGj/V6cTPnXXtQOPUbhZ6CmGzAD/rW22LQK6E96pcdJXk4A4w==
  dependencies:
    boolbase "^1.0.0"

optimist@^0.6.1:
  version "0.6.1"
  resolved "https://registry.nlark.com/optimist/download/optimist-0.6.1.tgz?cache=0&sync_timestamp=1618847675033&other_urls=https%3A%2F%2Fregistry.nlark.com%2Foptimist%2Fdownload%2Foptimist-0.6.1.tgz#da3ea74686fa21a19a111c326e90eb15a0196686"
  integrity sha1-2j6nRob6IaGaERwybpDrFaAZZoY=
  dependencies:
    minimist "~0.0.1"
    wordwrap "~0.0.2"

path@^0.12.7:
  version "0.12.7"
  resolved "https://registry.yarnpkg.com/path/-/path-0.12.7.tgz#d4dc2a506c4ce2197eb481ebfcd5b36c0140b10f"
  integrity sha1-1NwqUGxM4hl+tIHr/NWzbAFAsQ8=
  dependencies:
    process "^0.11.1"
    util "^0.10.3"

process@^0.11.1:
  version "0.11.10"
  resolved "https://registry.yarnpkg.com/process/-/process-0.11.10.tgz#7332300e840161bda3e69a1d1d91a7d4bc16f182"
  integrity sha1-czIwDoQBYb2j5podHZGn1LwW8YI=

proxy-from-env@^1.1.0:
  version "1.1.0"
  resolved "https://registry.yarnpkg.com/proxy-from-env/-/proxy-from-env-1.1.0.tgz#e102f16ca355424865755d2c9e8ea4f24d58c3e2"
  integrity sha512-D+zkORCbA9f1tdWRK0RaCR3GPv50cMxcrz4X8k5LTSUD1Dkw47mKJEZQNunItRTkWwgtaUSo1RVFRIG9ZXiFYg==

readable-stream@^3.1.1:
  version "3.6.0"
  resolved "https://registry.nlark.com/readable-stream/download/readable-stream-3.6.0.tgz#337bbda3adc0706bd3e024426a286d4b4b2c9198"
  integrity sha1-M3u9o63AcGvT4CRCaihtS0sskZg=
  dependencies:
    inherits "^2.0.3"
    string_decoder "^1.1.1"
    util-deprecate "^1.0.1"

safe-buffer@~5.2.0:
  version "5.2.1"
  resolved "https://registry.nlark.com/safe-buffer/download/safe-buffer-5.2.1.tgz#1eaf9fa9bdb1fdd4ec75f58f9cdb4e6b7827eec6"
  integrity sha1-Hq+fqb2x/dTsdfWPnNtOa3gn7sY=

sprintf-js@^1.1.1:
  version "1.1.2"
  resolved "https://registry.nlark.com/sprintf-js/download/sprintf-js-1.1.2.tgz#da1765262bf8c0f571749f2ad6c26300207ae673"
  integrity sha1-2hdlJiv4wPVxdJ8q1sJjACB65nM=

string_decoder@^1.1.1:
  version "1.3.0"
  resolved "https://registry.nlark.com/string_decoder/download/string_decoder-1.3.0.tgz#42f114594a46cf1a8e30b0a84f56c78c3edac21e"
  integrity sha1-QvEUWUpGzxqOMLCoT1bHjD7awh4=
  dependencies:
    safe-buffer "~5.2.0"

underscore.string@^3.2.3:
  version "3.3.6"
  resolved "https://registry.npmmirror.com/underscore.string/download/underscore.string-3.3.6.tgz#ad8cf23d7423cb3b53b898476117588f4e2f9159"
  integrity sha512-VoC83HWXmCrF6rgkyxS9GHv8W9Q5nhMKho+OadDJGzL2oDYbYEppBaCMH6pFlwLeqj2QS+hhkw2kpXkSdD1JxQ==
  dependencies:
    sprintf-js "^1.1.1"
    util-deprecate "^1.0.2"

underscore@^1.8.3:
  version "1.13.2"
  resolved "https://registry.npmmirror.com/underscore/download/underscore-1.13.2.tgz#276cea1e8b9722a8dbed0100a407dda572125881"
  integrity sha512-ekY1NhRzq0B08g4bGuX4wd2jZx5GnKz6mKSqFL4nqBlfyMGiG10gDFhDTMEfYmDL6Jy0FUIZp7wiRB+0BP7J2g==

util-deprecate@^1.0.1, util-deprecate@^1.0.2:
  version "1.0.2"
  resolved "https://registry.nlark.com/util-deprecate/download/util-deprecate-1.0.2.tgz#450d4dc9fa70de732762fbd2d4a28981419a0ccf"
  integrity sha1-RQ1Nyfpw3nMnYvvS1KKJgUGaDM8=

util@^0.10.3:
  version "0.10.4"
  resolved "https://registry.yarnpkg.com/util/-/util-0.10.4.tgz#3aa0125bfe668a4672de58857d3ace27ecb76901"
  integrity sha512-0Pm9hTQ3se5ll1XihRic3FDIku70C+iHUdT/W926rSgHV5QgXsYbKZN8MSC3tJtSkhuROzvsQjAaFENRXr+19A==
  dependencies:
    inherits "2.0.3"

word-regex@^0.1.0:
  version "0.1.2"
  resolved "https://registry.nlark.com/word-regex/download/word-regex-0.1.2.tgz#a3bc7f2d222ce4a93c246c3ef69458f61f511639"
  integrity sha1-o7x/LSIs5Kk8JGw+9pRY9h9RFjk=

wordcount@^1.1.1:
  version "1.1.1"
  resolved "https://registry.nlark.com/wordcount/download/wordcount-1.1.1.tgz#e72da7833904d870a154c9ef47ed5f3e7997cf57"
  integrity sha1-5y2ngzkE2HChVMnvR+1fPnmXz1c=
  dependencies:
    match-words "^0.1.0"

wordwrap@~0.0.2:
  version "0.0.3"
  resolved "https://registry.nlark.com/wordwrap/download/wordwrap-0.0.3.tgz#a3d5da6cd5c0bc0008d37234bbaf1bed63059107"
  integrity sha1-o9XabNXAvAAI03I0u68b7WMFkQc=
